<?xml version="1.0" encoding="utf-8"?>
<Project ToolsVersion="4.0" xmlns="http://schemas.microsoft.com/developer/msbuild/2003">
  <ItemGroup>
    <Filter Include="docs">
      <UniqueIdentifier>{51b51ff9-c440-453b-a875-776d9f971d73}</UniqueIdentifier>
    </Filter>
    <Filter Include="src">
      <UniqueIdentifier>{93995380-89BD-4b04-88EB-625FBE52EBFB}</UniqueIdentifier>
      <Extensions>h;hh;hpp;hxx;h++;hm;inl;inc;ipp;xsd</Extensions>
    </Filter>
    <Filter Include="include">
      <UniqueIdentifier>{4FC737F1-C7A5-4376-A066-2A32D752A2FF}</UniqueIdentifier>
      <Extensions>cpp;c;cc;cxx;c++;cppm;ixx;def;odl;idl;hpj;bat;asm;asmx</Extensions>
    </Filter>
    <Filter Include="data">
      <UniqueIdentifier>{67DA6AB6-F800-4c08-8B7A-83BB121AAD01}</UniqueIdentifier>
      <Extensions>rc;ico;cur;bmp;dlg;rc2;rct;bin;rgs;gif;jpg;jpeg;jpe;resx;tiff;tif;png;wav;mfcribbon-ms</Extensions>
    </Filter>
    <Filter Include="Teste">
      <UniqueIdentifier>{96f0a5c1-cef1-45cf-ac8c-96bf1946b722}</UniqueIdentifier>
    </Filter>
  </ItemGroup>
  <ItemGroup>
    <ClCompile Include="main.c">
      <Filter>src</Filter>
    </ClCompile>
    <ClCompile Include="processador_comandos.c">
      <Filter>src</Filter>
    </ClCompile>
    <ClCompile Include="gerenciamento_usuarios.c">
      <Filter>src</Filter>
    </ClCompile>
    <ClCompile Include="ajuda_usuario.c">
      <Filter>src</Filter>
    </ClCompile>
    <ClCompile Include="ferramentas_cripto.c">
      <Filter>src</Filter>
    </ClCompile>
    <ClCompile Include="ferramentas_redes.c">
      <Filter>src</Filter>
    </ClCompile>
    <ClCompile Include="logging.c">
      <Filter>src</Filter>
    </ClCompile>
    <ClCompile Include="TesteConexao.c">
      <Filter>Teste</Filter>
    </ClCompile>
  </ItemGroup>
  <ItemGroup>
    <ClInclude Include="processador_comandos.h">
      <Filter>include</Filter>
    </ClInclude>
    <ClInclude Include="gerenciamento_usuarios.h">
      <Filter>include</Filter>
    </ClInclude>
    <ClInclude Include="logging.h">
      <Filter>include</Filter>
    </ClInclude>
    <ClInclude Include="ferramentas_redes.h">
      <Filter>include</Filter>
    </ClInclude>
    <ClInclude Include="ferramentas_cripto.h">
      <Filter>include</Filter>
    </ClInclude>
    <ClInclude Include="ajuda_usuario.h">
      <Filter>include</Filter>
    </ClInclude>
  </ItemGroup>
  <ItemGroup>
    <None Include="users.dat" />
    <None Include="log_comandos.dat" />
    <None Include="guia_usuario.md">
      <Filter>docs</Filter>
    </None>
    <None Include="packages.config" />
  </ItemGroup>
</Project>